
Microsoft Visual Studio Solution File, Format Version 12.00
# Visual Studio Version 16
VisualStudioVersion = 16.0.30717.126
MinimumVisualStudioVersion = 10.0.40219.1
Project("{FAE04EC0-301F-11D3-BF4B-00C04F79EFBC}") = "ImdbAPI", "ImdbAPI\ImdbAPI.csproj", "{9D7B6D06-9829-4B7F-8016-7C3DDBC07D47}"
EndProject
Project("{2150E333-8FDC-42A3-9474-1A3956D46DE8}") = "1 - Presentation", "1 - Presentation", "{9100DF7D-8B2C-488F-9AD1-17195A53CF5A}"
EndProject
Project("{2150E333-8FDC-42A3-9474-1A3956D46DE8}") = "2 - Application", "2 - Application", "{D0619815-071E-467A-9A5B-1137801F78E9}"
EndProject
Project("{2150E333-8FDC-42A3-9474-1A3956D46DE8}") = "3 - Domain", "3 - Domain", "{7A73672C-4CF6-4E0A-85E1-4AD50D2ED216}"
EndProject
Project("{2150E333-8FDC-42A3-9474-1A3956D46DE8}") = "4 - Infra", "4 - Infra", "{C6202D71-5DAE-47CC-8BE8-0A8700418505}"
EndProject
Project("{2150E333-8FDC-42A3-9474-1A3956D46DE8}") = "4.1 - Data", "4.1 - Data", "{2105BAA4-235A-45E8-AE9F-C1DC755A385D}"
EndProject
Project("{2150E333-8FDC-42A3-9474-1A3956D46DE8}") = "4.2 - IoC", "4.2 - IoC", "{D9BCB672-BB41-45E9-8F86-E6706EAB6A1E}"
EndProject
Project("{FAE04EC0-301F-11D3-BF4B-00C04F79EFBC}") = "ImdbServices", "ImdbServices\ImdbServices.csproj", "{634B6C75-E199-4BC8-91B3-F7826DDBBDE7}"
EndProject
Project("{FAE04EC0-301F-11D3-BF4B-00C04F79EFBC}") = "ImbdDomain", "ImbdDomain\ImbdDomain.csproj", "{19E1E5BF-886F-489D-A03B-ABE1251C03D6}"
EndProject
Project("{FAE04EC0-301F-11D3-BF4B-00C04F79EFBC}") = "ImdbInfraData", "ImdbInfraData\ImdbInfraData.csproj", "{745402AE-3D22-434B-BBF8-34DF5851276A}"
EndProject
Project("{FAE04EC0-301F-11D3-BF4B-00C04F79EFBC}") = "ImdbInfraIoC", "ImdbInfraIoC\ImdbInfraIoC.csproj", "{DCF6D567-F00B-41BF-BCF9-B7E1AAFC3227}"
EndProject
Global
	GlobalSection(SolutionConfigurationPlatforms) = preSolution
		Debug|Any CPU = Debug|Any CPU
		Release|Any CPU = Release|Any CPU
	EndGlobalSection
	GlobalSection(ProjectConfigurationPlatforms) = postSolution
		{9D7B6D06-9829-4B7F-8016-7C3DDBC07D47}.Debug|Any CPU.ActiveCfg = Debug|Any CPU
		{9D7B6D06-9829-4B7F-8016-7C3DDBC07D47}.Debug|Any CPU.Build.0 = Debug|Any CPU
		{9D7B6D06-9829-4B7F-8016-7C3DDBC07D47}.Release|Any CPU.ActiveCfg = Release|Any CPU
		{9D7B6D06-9829-4B7F-8016-7C3DDBC07D47}.Release|Any CPU.Build.0 = Release|Any CPU
		{634B6C75-E199-4BC8-91B3-F7826DDBBDE7}.Debug|Any CPU.ActiveCfg = Debug|Any CPU
		{634B6C75-E199-4BC8-91B3-F7826DDBBDE7}.Debug|Any CPU.Build.0 = Debug|Any CPU
		{634B6C75-E199-4BC8-91B3-F7826DDBBDE7}.Release|Any CPU.ActiveCfg = Release|Any CPU
		{634B6C75-E199-4BC8-91B3-F7826DDBBDE7}.Release|Any CPU.Build.0 = Release|Any CPU
		{19E1E5BF-886F-489D-A03B-ABE1251C03D6}.Debug|Any CPU.ActiveCfg = Debug|Any CPU
		{19E1E5BF-886F-489D-A03B-ABE1251C03D6}.Debug|Any CPU.Build.0 = Debug|Any CPU
		{19E1E5BF-886F-489D-A03B-ABE1251C03D6}.Release|Any CPU.ActiveCfg = Release|Any CPU
		{19E1E5BF-886F-489D-A03B-ABE1251C03D6}.Release|Any CPU.Build.0 = Release|Any CPU
		{745402AE-3D22-434B-BBF8-34DF5851276A}.Debug|Any CPU.ActiveCfg = Debug|Any CPU
		{745402AE-3D22-434B-BBF8-34DF5851276A}.Debug|Any CPU.Build.0 = Debug|Any CPU
		{745402AE-3D22-434B-BBF8-34DF5851276A}.Release|Any CPU.ActiveCfg = Release|Any CPU
		{745402AE-3D22-434B-BBF8-34DF5851276A}.Release|Any CPU.Build.0 = Release|Any CPU
		{DCF6D567-F00B-41BF-BCF9-B7E1AAFC3227}.Debug|Any CPU.ActiveCfg = Debug|Any CPU
		{DCF6D567-F00B-41BF-BCF9-B7E1AAFC3227}.Debug|Any CPU.Build.0 = Debug|Any CPU
		{DCF6D567-F00B-41BF-BCF9-B7E1AAFC3227}.Release|Any CPU.ActiveCfg = Release|Any CPU
		{DCF6D567-F00B-41BF-BCF9-B7E1AAFC3227}.Release|Any CPU.Build.0 = Release|Any CPU
	EndGlobalSection
	GlobalSection(SolutionProperties) = preSolution
		HideSolutionNode = FALSE
	EndGlobalSection
	GlobalSection(NestedProjects) = preSolution
		{9D7B6D06-9829-4B7F-8016-7C3DDBC07D47} = {9100DF7D-8B2C-488F-9AD1-17195A53CF5A}
		{2105BAA4-235A-45E8-AE9F-C1DC755A385D} = {C6202D71-5DAE-47CC-8BE8-0A8700418505}
		{D9BCB672-BB41-45E9-8F86-E6706EAB6A1E} = {C6202D71-5DAE-47CC-8BE8-0A8700418505}
		{634B6C75-E199-4BC8-91B3-F7826DDBBDE7} = {D0619815-071E-467A-9A5B-1137801F78E9}
		{19E1E5BF-886F-489D-A03B-ABE1251C03D6} = {7A73672C-4CF6-4E0A-85E1-4AD50D2ED216}
		{745402AE-3D22-434B-BBF8-34DF5851276A} = {2105BAA4-235A-45E8-AE9F-C1DC755A385D}
		{DCF6D567-F00B-41BF-BCF9-B7E1AAFC3227} = {D9BCB672-BB41-45E9-8F86-E6706EAB6A1E}
	EndGlobalSection
	GlobalSection(ExtensibilityGlobals) = postSolution
		SolutionGuid = {A6850A4C-7E18-481A-A300-D3B943362001}
	EndGlobalSection
EndGlobal
